
Microsoft Visual Studio Solution File, Format Version 12.00
# Visual Studio 15
Project("{FAE04EC0-301F-11D3-BF4B-00C04F79EFBC}") = "Assembly-CSharp", "Assembly-CSharp.csproj", "{697CD82E-56DB-CA5C-3207-AF2A6917A9E1}"
EndProject
Project("{FAE04EC0-301F-11D3-BF4B-00C04F79EFBC}") = "HTC.VIVERegistryTool.Editor", "HTC.VIVERegistryTool.Editor.csproj", "{6DE31C5C-8A87-B41D-A775-037802321286}"
EndProject
Global
	GlobalSection(SolutionConfigurationPlatforms) = preSolution
		Debug|Any CPU = Debug|Any CPU
		Release|Any CPU = Release|Any CPU
	EndGlobalSection
	GlobalSection(ProjectConfigurationPlatforms) = postSolution
		{697CD82E-56DB-CA5C-3207-AF2A6917A9E1}.Debug|Any CPU.ActiveCfg = Debug|Any CPU
		{697CD82E-56DB-CA5C-3207-AF2A6917A9E1}.Debug|Any CPU.Build.0 = Debug|Any CPU
		{697CD82E-56DB-CA5C-3207-AF2A6917A9E1}.Release|Any CPU.ActiveCfg = Release|Any CPU
		{697CD82E-56DB-CA5C-3207-AF2A6917A9E1}.Release|Any CPU.Build.0 = Release|Any CPU
		{6DE31C5C-8A87-B41D-A775-037802321286}.Debug|Any CPU.ActiveCfg = Debug|Any CPU
		{6DE31C5C-8A87-B41D-A775-037802321286}.Debug|Any CPU.Build.0 = Debug|Any CPU
		{6DE31C5C-8A87-B41D-A775-037802321286}.Release|Any CPU.ActiveCfg = Release|Any CPU
		{6DE31C5C-8A87-B41D-A775-037802321286}.Release|Any CPU.Build.0 = Release|Any CPU
	EndGlobalSection
	GlobalSection(SolutionProperties) = preSolution
		HideSolutionNode = FALSE
	EndGlobalSection
EndGlobal
